// !$*UTF8*$!
{
	archiveVersion = 1;
	classes = {
	};
	objectVersion = 46;
	objects = {

/* Begin PBXBuildFile section */
		CF6F6B9B1B27C675001589FB /* main.m in Sources */ = {isa = PBXBuildFile; fileRef = CF6F6B9A1B27C675001589FB /* main.m */; };
		CF6F6B9E1B27C675001589FB /* AppDelegate.m in Sources */ = {isa = PBXBuildFile; fileRef = CF6F6B9D1B27C675001589FB /* AppDelegate.m */; };
		CF6F6BA11B27C675001589FB /* ViewController.m in Sources */ = {isa = PBXBuildFile; fileRef = CF6F6BA01B27C675001589FB /* ViewController.m */; };
		CF6F6BA41B27C675001589FB /* Main.storyboard in Resources */ = {isa = PBXBuildFile; fileRef = CF6F6BA21B27C675001589FB /* Main.storyboard */; };
		CF6F6BA61B27C675001589FB /* Images.xcassets in Resources */ = {isa = PBXBuildFile; fileRef = CF6F6BA51B27C675001589FB /* Images.xcassets */; };
		CF6F6BA91B27C675001589FB /* LaunchScreen.xib in Resources */ = {isa = PBXBuildFile; fileRef = CF6F6BA71B27C675001589FB /* LaunchScreen.xib */; };
		CF6F6BB51B27C675001589FB /* musuctweetTests.m in Sources */ = {isa = PBXBuildFile; fileRef = CF6F6BB41B27C675001589FB /* musuctweetTests.m */; };
		CF6F6BBF1B27C682001589FB /* Accounts.framework in Frameworks */ = {isa = PBXBuildFile; fileRef = CF6F6BBE1B27C682001589FB /* Accounts.framework */; };
		CF6F6BC11B27C6A0001589FB /* Twitter.framework in Frameworks */ = {isa = PBXBuildFile; fileRef = CF6F6BC01B27C6A0001589FB /* Twitter.framework */; };
		CF6F6BC31B27C6AE001589FB /* MediaPlayer.framework in Frameworks */ = {isa = PBXBuildFile; fileRef = CF6F6BC21B27C6AE001589FB /* MediaPlayer.framework */; };
/* End PBXBuildFile section */

/* Begin PBXContainerItemProxy section */
		CF6F6BAF1B27C675001589FB /* PBXContainerItemProxy */ = {
			isa = PBXContainerItemProxy;
			containerPortal = CF6F6B8D1B27C675001589FB /* Project object */;
			proxyType = 1;
			remoteGlobalIDString = CF6F6B941B27C675001589FB;
			remoteInfo = musuctweet;
		};
/* End PBXContainerItemProxy section */

/* Begin PBXFileReference section */
		CF6F6B951B27C675001589FB /* musuctweet.app */ = {isa = PBXFileReference; explicitFileType = wrapper.application; includeInIndex = 0; path = musuctweet.app; sourceTree = BUILT_PRODUCTS_DIR; };
		CF6F6B991B27C675001589FB /* Info.plist */ = {isa = PBXFileReference; lastKnownFileType = text.plist.xml; path = Info.plist; sourceTree = "<group>"; };
		CF6F6B9A1B27C675001589FB /* main.m */ = {isa = PBXFileReference; lastKnownFileType = sourcecode.c.objc; path = main.m; sourceTree = "<group>"; };
		CF6F6B9C1B27C675001589FB /* AppDelegate.h */ = {isa = PBXFileReference; lastKnownFileType = sourcecode.c.h; path = AppDelegate.h; sourceTree = "<group>"; };
		CF6F6B9D1B27C675001589FB /* AppDelegate.m */ = {isa = PBXFileReference; lastKnownFileType = sourcecode.c.objc; path = AppDelegate.m; sourceTree = "<group>"; };
		CF6F6B9F1B27C675001589FB /* ViewController.h */ = {isa = PBXFileReference; lastKnownFileType = sourcecode.c.h; path = ViewController.h; sourceTree = "<group>"; };
		CF6F6BA01B27C675001589FB /* ViewController.m */ = {isa = PBXFileReference; lastKnownFileType = sourcecode.c.objc; path = ViewController.m; sourceTree = "<group>"; };
		CF6F6BA31B27C675001589FB /* Base */ = {isa = PBXFileReference; lastKnownFileType = file.storyboard; name = Base; path = Base.lproj/Main.storyboard; sourceTree = "<group>"; };
		CF6F6BA51B27C675001589FB /* Images.xcassets */ = {isa = PBXFileReference; lastKnownFileType = folder.assetcatalog; path = Images.xcassets; sourceTree = "<group>"; };
		CF6F6BA81B27C675001589FB /* Base */ = {isa = PBXFileReference; lastKnownFileType = file.xib; name = Base; path = Base.lproj/LaunchScreen.xib; sourceTree = "<group>"; };
		CF6F6BAE1B27C675001589FB /* musuctweetTests.xctest */ = {isa = PBXFileReference; explicitFileType = wrapper.cfbundle; includeInIndex = 0; path = musuctweetTests.xctest; sourceTree = BUILT_PRODUCTS_DIR; };
		CF6F6BB31B27C675001589FB /* Info.plist */ = {isa = PBXFileReference; lastKnownFileType = text.plist.xml; path = Info.plist; sourceTree = "<group>"; };
		CF6F6BB41B27C675001589FB /* musuctweetTests.m */ = {isa = PBXFileReference; lastKnownFileType = sourcecode.c.objc; path = musuctweetTests.m; sourceTree = "<group>"; };
		CF6F6BBE1B27C682001589FB /* Accounts.framework */ = {isa = PBXFileReference; lastKnownFileType = wrapper.framework; name = Accounts.framework; path = System/Library/Frameworks/Accounts.framework; sourceTree = SDKROOT; };
		CF6F6BC01B27C6A0001589FB /* Twitter.framework */ = {isa = PBXFileReference; lastKnownFileType = wrapper.framework; name = Twitter.framework; path = System/Library/Frameworks/Twitter.framework; sourceTree = SDKROOT; };
		CF6F6BC21B27C6AE001589FB /* MediaPlayer.framework */ = {isa = PBXFileReference; lastKnownFileType = wrapper.framework; name = MediaPlayer.framework; path = System/Library/Frameworks/MediaPlayer.framework; sourceTree = SDKROOT; };
/* End PBXFileReference section */

/* Begin PBXFrameworksBuildPhase section */
		CF6F6B921B27C675001589FB /* Frameworks */ = {
			isa = PBXFrameworksBuildPhase;
			buildActionMask = 2147483647;
			files = (
				CF6F6BC31B27C6AE001589FB /* MediaPlayer.framework in Frameworks */,
				CF6F6BC11B27C6A0001589FB /* Twitter.framework in Frameworks */,
				CF6F6BBF1B27C682001589FB /* Accounts.framework in Frameworks */,
			);
			runOnlyForDeploymentPostprocessing = 0;
		};
		CF6F6BAB1B27C675001589FB /* Frameworks */ = {
			isa = PBXFrameworksBuildPhase;
			buildActionMask = 2147483647;
			files = (
			);
			runOnlyForDeploymentPostprocessing = 0;
		};
/* End PBXFrameworksBuildPhase section */

/* Begin PBXGroup section */
		CF6F6B8C1B27C675001589FB = {
			isa = PBXGroup;
			children = (
				CF6F6BC21B27C6AE001589FB /* MediaPlayer.framework */,
				CF6F6BC01B27C6A0001589FB /* Twitter.framework */,
				CF6F6BBE1B27C682001589FB /* Accounts.framework */,
				CF6F6B971B27C675001589FB /* musuctweet */,
				CF6F6BB11B27C675001589FB /* musuctweetTests */,
				CF6F6B961B27C675001589FB /* Products */,
			);
			sourceTree = "<group>";
		};
		CF6F6B961B27C675001589FB /* Products */ = {
			isa = PBXGroup;
			children = (
				CF6F6B951B27C675001589FB /* musuctweet.app */,
				CF6F6BAE1B27C675001589FB /* musuctweetTests.xctest */,
			);
			name = Products;
			sourceTree = "<group>";
		};
		CF6F6B971B27C675001589FB /* musuctweet */ = {
			isa = PBXGroup;
			children = (
				CF6F6B9C1B27C675001589FB /* AppDelegate.h */,
				CF6F6B9D1B27C675001589FB /* AppDelegate.m */,
				CF6F6B9F1B27C675001589FB /* ViewController.h */,
				CF6F6BA01B27C675001589FB /* ViewController.m */,
				CF6F6BA21B27C675001589FB /* Main.storyboard */,
				CF6F6BA51B27C675001589FB /* Images.xcassets */,
				CF6F6BA71B27C675001589FB /* LaunchScreen.xib */,
				CF6F6B981B27C675001589FB /* Supporting Files */,
			);
			path = musuctweet;
			sourceTree = "<group>";
		};
		CF6F6B981B27C675001589FB /* Supporting Files */ = {
			isa = PBXGroup;
			children = (
				CF6F6B991B27C675001589FB /* Info.plist */,
				CF6F6B9A1B27C675001589FB /* main.m */,
			);
			name = "Supporting Files";
			sourceTree = "<group>";
		};
		CF6F6BB11B27C675001589FB /* musuctweetTests */ = {
			isa = PBXGroup;
			children = (
				CF6F6BB41B27C675001589FB /* musuctweetTests.m */,
				CF6F6BB21B27C675001589FB /* Supporting Files */,
			);
			path = musuctweetTests;
			sourceTree = "<group>";
		};
		CF6F6BB21B27C675001589FB /* Supporting Files */ = {
			isa = PBXGroup;
			children = (
				CF6F6BB31B27C675001589FB /* Info.plist */,
			);
			name = "Supporting Files";
			sourceTree = "<group>";
		};
/* End PBXGroup section */

/* Begin PBXNativeTarget section */
		CF6F6B941B27C675001589FB /* musuctweet */ = {
			isa = PBXNativeTarget;
			buildConfigurationList = CF6F6BB81B27C675001589FB /* Build configuration list for PBXNativeTarget "musuctweet" */;
			buildPhases = (
				CF6F6B911B27C675001589FB /* Sources */,
				CF6F6B921B27C675001589FB /* Frameworks */,
				CF6F6B931B27C675001589FB /* Resources */,
			);
			buildRules = (
			);
			dependencies = (
			);
			name = musuctweet;
			productName = musuctweet;
			productReference = CF6F6B951B27C675001589FB /* musuctweet.app */;
			productType = "com.apple.product-type.application";
		};
		CF6F6BAD1B27C675001589FB /* musuctweetTests */ = {
			isa = PBXNativeTarget;
			buildConfigurationList = CF6F6BBB1B27C675001589FB /* Build configuration list for PBXNativeTarget "musuctweetTests" */;
			buildPhases = (
				CF6F6BAA1B27C675001589FB /* Sources */,
				CF6F6BAB1B27C675001589FB /* Frameworks */,
				CF6F6BAC1B27C675001589FB /* Resources */,
			);
			buildRules = (
			);
			dependencies = (
				CF6F6BB01B27C675001589FB /* PBXTargetDependency */,
			);
			name = musuctweetTests;
			productName = musuctweetTests;
			productReference = CF6F6BAE1B27C675001589FB /* musuctweetTests.xctest */;
			productType = "com.apple.product-type.bundle.unit-test";
		};
/* End PBXNativeTarget section */

/* Begin PBXProject section */
		CF6F6B8D1B27C675001589FB /* Project object */ = {
			isa = PBXProject;
			attributes = {
				LastUpgradeCheck = 0630;
				ORGANIZATIONNAME = "中村一輝";
				TargetAttributes = {
					CF6F6B941B27C675001589FB = {
						CreatedOnToolsVersion = 6.3.2;
						DevelopmentTeam = SK32NN8X68;
					};
					CF6F6BAD1B27C675001589FB = {
						CreatedOnToolsVersion = 6.3.2;
						TestTargetID = CF6F6B941B27C675001589FB;
					};
				};
			};
			buildConfigurationList = CF6F6B901B27C675001589FB /* Build configuration list for PBXProject "musuctweet" */;
			compatibilityVersion = "Xcode 3.2";
			developmentRegion = English;
			hasScannedForEncodings = 0;
			knownRegions = (
				en,
				Base,
			);
			mainGroup = CF6F6B8C1B27C675001589FB;
			productRefGroup = CF6F6B961B27C675001589FB /* Products */;
			projectDirPath = "";
			projectRoot = "";
			targets = (
				CF6F6B941B27C675001589FB /* musuctweet */,
				CF6F6BAD1B27C675001589FB /* musuctweetTests */,
			);
		};
/* End PBXProject section */

/* Begin PBXResourcesBuildPhase section */
		CF6F6B931B27C675001589FB /* Resources */ = {
			isa = PBXResourcesBuildPhase;
			buildActionMask = 2147483647;
			files = (
				CF6F6BA41B27C675001589FB /* Main.storyboard in Resources */,
				CF6F6BA91B27C675001589FB /* LaunchScreen.xib in Resources */,
				CF6F6BA61B27C675001589FB /* Images.xcassets in Resources */,
			);
			runOnlyForDeploymentPostprocessing = 0;
		};
		CF6F6BAC1B27C675001589FB /* Resources */ = {
			isa = PBXResourcesBuildPhase;
			buildActionMask = 2147483647;
			files = (
			);
			runOnlyForDeploymentPostprocessing = 0;
		};
/* End PBXResourcesBuildPhase section */

/* Begin PBXSourcesBuildPhase section */
		CF6F6B911B27C675001589FB /* Sources */ = {
			isa = PBXSourcesBuildPhase;
			buildActionMask = 2147483647;
			files = (
				CF6F6BA11B27C675001589FB /* ViewController.m in Sources */,
				CF6F6B9E1B27C675001589FB /* AppDelegate.m in Sources */,
				CF6F6B9B1B27C675001589FB /* main.m in Sources */,
			);
			runOnlyForDeploymentPostprocessing = 0;
		};
		CF6F6BAA1B27C675001589FB /* Sources */ = {
			isa = PBXSourcesBuildPhase;
			buildActionMask = 2147483647;
			files = (
				CF6F6BB51B27C675001589FB /* musuctweetTests.m in Sources */,
			);
			runOnlyForDeploymentPostprocessing = 0;
		};
/* End PBXSourcesBuildPhase section */

/* Begin PBXTargetDependency section */
		CF6F6BB01B27C675001589FB /* PBXTargetDependency */ = {
			isa = PBXTargetDependency;
			target = CF6F6B941B27C675001589FB /* musuctweet */;
			targetProxy = CF6F6BAF1B27C675001589FB /* PBXContainerItemProxy */;
		};
/* End PBXTargetDependency section */

/* Begin PBXVariantGroup section */
		CF6F6BA21B27C675001589FB /* Main.storyboard */ = {
			isa = PBXVariantGroup;
			children = (
				CF6F6BA31B27C675001589FB /* Base */,
			);
			name = Main.storyboard;
			sourceTree = "<group>";
		};
		CF6F6BA71B27C675001589FB /* LaunchScreen.xib */ = {
			isa = PBXVariantGroup;
			children = (
				CF6F6BA81B27C675001589FB /* Base */,
			);
			name = LaunchScreen.xib;
			sourceTree = "<group>";
		};
/* End PBXVariantGroup section */

/* Begin XCBuildConfiguration section */
		CF6F6BB61B27C675001589FB /* Debug */ = {
			isa = XCBuildConfiguration;
			buildSettings = {
				ALWAYS_SEARCH_USER_PATHS = NO;
				CLANG_CXX_LANGUAGE_STANDARD = "gnu++0x";
				CLANG_CXX_LIBRARY = "libc++";
				CLANG_ENABLE_MODULES = YES;
				CLANG_ENABLE_OBJC_ARC = YES;
				CLANG_WARN_BOOL_CONVERSION = YES;
				CLANG_WARN_CONSTANT_CONVERSION = YES;
				CLANG_WARN_DIRECT_OBJC_ISA_USAGE = YES_ERROR;
				CLANG_WARN_EMPTY_BODY = YES;
				CLANG_WARN_ENUM_CONVERSION = YES;
				CLANG_WARN_INT_CONVERSION = YES;
				CLANG_WARN_OBJC_ROOT_CLASS = YES_ERROR;
				CLANG_WARN_UNREACHABLE_CODE = YES;
				CLANG_WARN__DUPLICATE_METHOD_MATCH = YES;
				"CODE_SIGN_IDENTITY[sdk=iphoneos*]" = "iPhone Developer";
				COPY_PHASE_STRIP = NO;
				DEBUG_INFORMATION_FORMAT = "dwarf-with-dsym";
				ENABLE_STRICT_OBJC_MSGSEND = YES;
				GCC_C_LANGUAGE_STANDARD = gnu99;
				GCC_DYNAMIC_NO_PIC = NO;
				GCC_NO_COMMON_BLOCKS = YES;
				GCC_OPTIMIZATION_LEVEL = 0;
				GCC_PREPROCESSOR_DEFINITIONS = (
					"DEBUG=1",
					"$(inherited)",
				);
				GCC_SYMBOLS_PRIVATE_EXTERN = NO;
				GCC_WARN_64_TO_32_BIT_CONVERSION = YES;
				GCC_WARN_ABOUT_RETURN_TYPE = YES_ERROR;
				GCC_WARN_UNDECLARED_SELECTOR = YES;
				GCC_WARN_UNINITIALIZED_AUTOS = YES_AGGRESSIVE;
				GCC_WARN_UNUSED_FUNCTION = YES;
				GCC_WARN_UNUSED_VARIABLE = YES;
				IPHONEOS_DEPLOYMENT_TARGET = 8.3;
				MTL_ENABLE_DEBUG_INFO = YES;
				ONLY_ACTIVE_ARCH = YES;
				SDKROOT = iphoneos;
				TARGETED_DEVICE_FAMILY = "1,2";
			};
			name = Debug;
		};
		CF6F6BB71B27C675001589FB /* Release */ = {
			isa = XCBuildConfiguration;
			buildSettings = {
				ALWAYS_SEARCH_USER_PATHS = NO;
				CLANG_CXX_LANGUAGE_STANDARD = "gnu++0x";
				CLANG_CXX_LIBRARY = "libc++";
				CLANG_ENABLE_MODULES = YES;
				CLANG_ENABLE_OBJC_ARC = YES;
				CLANG_WARN_BOOL_CONVERSION = YES;
				CLANG_WARN_CONSTANT_CONVERSION = YES;
				CLANG_WARN_DIRECT_OBJC_ISA_USAGE = YES_ERROR;
				CLANG_WARN_EMPTY_BODY = YES;
				CLANG_WARN_ENUM_CONVERSION = YES;
				CLANG_WARN_INT_CONVERSION = YES;
				CLANG_WARN_OBJC_ROOT_CLASS = YES_ERROR;
				CLANG_WARN_UNREACHABLE_CODE = YES;
				CLANG_WARN__DUPLICATE_METHOD_MATCH = YES;
				"CODE_SIGN_IDENTITY[sdk=iphoneos*]" = "iPhone Developer";
				COPY_PHASE_STRIP = NO;
				DEBUG_INFORMATION_FORMAT = "dwarf-with-dsym";
				ENABLE_NS_ASSERTIONS = NO;
				ENABLE_STRICT_OBJC_MSGSEND = YES;
				GCC_C_LANGUAGE_STANDARD = gnu99;
				GCC_NO_COMMON_BLOCKS = YES;
				GCC_WARN_64_TO_32_BIT_CONVERSION = YES;
				GCC_WARN_ABOUT_RETURN_TYPE = YES_ERROR;
				GCC_WARN_UNDECLARED_SELECTOR = YES;
				GCC_WARN_UNINITIALIZED_AUTOS = YES_AGGRESSIVE;
				GCC_WARN_UNUSED_FUNCTION = YES;
				GCC_WARN_UNUSED_VARIABLE = YES;
				IPHONEOS_DEPLOYMENT_TARGET = 8.3;
				MTL_ENABLE_DEBUG_INFO = NO;
				SDKROOT = iphoneos;
				TARGETED_DEVICE_FAMILY = "1,2";
				VALIDATE_PRODUCT = YES;
			};
			name = Release;
		};
		CF6F6BB91B27C675001589FB /* Debug */ = {
			isa = XCBuildConfiguration;
			buildSettings = {
				ASSETCATALOG_COMPILER_APPICON_NAME = AppIcon;
				CODE_SIGN_IDENTITY = "iPhone Developer";
				"CODE_SIGN_IDENTITY[sdk=iphoneos*]" = "iPhone Developer";
				INFOPLIST_FILE = musuctweet/Info.plist;
				IPHONEOS_DEPLOYMENT_TARGET = 9.3;
				LD_RUNPATH_SEARCH_PATHS = "$(inherited) @executable_path/Frameworks";
				PRODUCT_NAME = "$(TARGET_NAME)";
				PROVISIONING_PROFILE = "";
				TARGETED_DEVICE_FAMILY = "1,2";
			};
			name = Debug;
		};
		CF6F6BBA1B27C675001589FB /* Release */ = {
			isa = XCBuildConfiguration;
			buildSettings = {
				ASSETCATALOG_COMPILER_APPICON_NAME = AppIcon;
				CODE_SIGN_IDENTITY = "iPhone Developer";
				"CODE_SIGN_IDENTITY[sdk=iphoneos*]" = "iPhone Developer";
				INFOPLIST_FILE = musuctweet/Info.plist;
				IPHONEOS_DEPLOYMENT_TARGET = 9.3;
				LD_RUNPATH_SEARCH_PATHS = "$(inherited) @executable_path/Frameworks";
				PRODUCT_NAME = "$(TARGET_NAME)";
				PROVISIONING_PROFILE = "";
				TARGETED_DEVICE_FAMILY = "1,2";
			};
			name = Release;
		};
		CF6F6BBC1B27C675001589FB /* Debug */ = {
			isa = XCBuildConfiguration;
			buildSettings = {
				BUNDLE_LOADER = "$(TEST_HOST)";
				FRAMEWORK_SEARCH_PATHS = (
					"$(SDKROOT)/Developer/Library/Frameworks",
					"$(inherited)",
				);
				GCC_PREPROCESSOR_DEFINITIONS = (
					"DEBUG=1",
					"$(inherited)",
				);
				INFOPLIST_FILE = musuctweetTests/Info.plist;
				LD_RUNPATH_SEARCH_PATHS = "$(inherited) @executable_path/Frameworks @loader_path/Frameworks";
				PRODUCT_NAME = "$(TARGET_NAME)";
				TEST_HOST = "$(BUILT_PRODUCTS_DIR)/musuctweet.app/musuctweet";
			};
			name = Debug;
		};
		CF6F6BBD1B27C675001589FB /* Release */ = {
			isa = XCBuildConfiguration;
			buildSettings = {
				BUNDLE_LOADER = "$(TEST_HOST)";
				FRAMEWORK_SEARCH_PATHS = (
					"$(SDKROOT)/Developer/Library/Frameworks",
					"$(inherited)",
				);
				INFOPLIST_FILE = musuctweetTests/Info.plist;
				LD_RUNPATH_SEARCH_PATHS = "$(inherited) @executable_path/Frameworks @loader_path/Frameworks";
				PRODUCT_NAME = "$(TARGET_NAME)";
				TEST_HOST = "$(BUILT_PRODUCTS_DIR)/musuctweet.app/musuctweet";
			};
			name = Release;
		};
/* End XCBuildConfiguration section */

/* Begin XCConfigurationList section */
		CF6F6B901B27C675001589FB /* Build configuration list for PBXProject "musuctweet" */ = {
			isa = XCConfigurationList;
			buildConfigurations = (
				CF6F6BB61B27C675001589FB /* Debug */,
				CF6F6BB71B27C675001589FB /* Release */,
			);
			defaultConfigurationIsVisible = 0;
			defaultConfigurationName = Release;
		};
		CF6F6BB81B27C675001589FB /* Build configuration list for PBXNativeTarget "musuctweet" */ = {
			isa = XCConfigurationList;
			buildConfigurations = (
				CF6F6BB91B27C675001589FB /* Debug */,
				CF6F6BBA1B27C675001589FB /* Release */,
			);
			defaultConfigurationIsVisible = 0;
			defaultConfigurationName = Release;
		};
		CF6F6BBB1B27C675001589FB /* Build configuration list for PBXNativeTarget "musuctweetTests" */ = {
			isa = XCConfigurationList;
			buildConfigurations = (
				CF6F6BBC1B27C675001589FB /* Debug */,
				CF6F6BBD1B27C675001589FB /* Release */,
			);
			defaultConfigurationIsVisible = 0;
			defaultConfigurationName = Release;
		};
/* End XCConfigurationList section */
	};
	rootObject = CF6F6B8D1B27C675001589FB /* Project object */;
}
